
Microsoft Visual Studio Solution File, Format Version 12.00
# Visual Studio Version 16
VisualStudioVersion = 16.0.30804.86
MinimumVisualStudioVersion = 10.0.40219.1
Project("{2150E333-8FDC-42A3-9474-1A3956D46DE8}") = "Core", "Core", "{A7416FF1-31B0-42CF-B67A-188EB4F9DCEF}"
EndProject
Project("{2150E333-8FDC-42A3-9474-1A3956D46DE8}") = "Infrastructure", "Infrastructure", "{1F499101-93CF-4EA2-9DFF-182D1360C9A5}"
EndProject
Project("{2150E333-8FDC-42A3-9474-1A3956D46DE8}") = "Presentation", "Presentation", "{2A03DED4-4AB0-4430-849F-09D343FEC682}"
EndProject
Project("{9A19103F-16F7-4668-BE54-9A1E7A4F7556}") = "Domain", "Domain\Domain.csproj", "{AC4FC779-8751-4F77-95C9-7253F76CBF50}"
EndProject
Project("{9A19103F-16F7-4668-BE54-9A1E7A4F7556}") = "Application", "Application\Application.csproj", "{43A0245D-219D-4D60-9293-43B2F0B4C073}"
EndProject
Project("{9A19103F-16F7-4668-BE54-9A1E7A4F7556}") = "Persistence", "Persistence\Persistence.csproj", "{086E96EF-9312-49F6-9806-4B74D2043657}"
EndProject
Project("{9A19103F-16F7-4668-BE54-9A1E7A4F7556}") = "WebApi", "WebApi\WebApi.csproj", "{1B152CD1-C5B3-436A-B804-B87F3A42EDCA}"
EndProject
Project("{9A19103F-16F7-4668-BE54-9A1E7A4F7556}") = "WebApi-Test", "WebApi-Test\WebApi-Test.csproj", "{A7E155FB-E71A-461C-AD38-1B48F5798AEF}"
EndProject
Global
	GlobalSection(SolutionConfigurationPlatforms) = preSolution
		Debug|Any CPU = Debug|Any CPU
		Release|Any CPU = Release|Any CPU
	EndGlobalSection
	GlobalSection(ProjectConfigurationPlatforms) = postSolution
		{AC4FC779-8751-4F77-95C9-7253F76CBF50}.Debug|Any CPU.ActiveCfg = Debug|Any CPU
		{AC4FC779-8751-4F77-95C9-7253F76CBF50}.Debug|Any CPU.Build.0 = Debug|Any CPU
		{AC4FC779-8751-4F77-95C9-7253F76CBF50}.Release|Any CPU.ActiveCfg = Release|Any CPU
		{AC4FC779-8751-4F77-95C9-7253F76CBF50}.Release|Any CPU.Build.0 = Release|Any CPU
		{43A0245D-219D-4D60-9293-43B2F0B4C073}.Debug|Any CPU.ActiveCfg = Debug|Any CPU
		{43A0245D-219D-4D60-9293-43B2F0B4C073}.Debug|Any CPU.Build.0 = Debug|Any CPU
		{43A0245D-219D-4D60-9293-43B2F0B4C073}.Release|Any CPU.ActiveCfg = Release|Any CPU
		{43A0245D-219D-4D60-9293-43B2F0B4C073}.Release|Any CPU.Build.0 = Release|Any CPU
		{086E96EF-9312-49F6-9806-4B74D2043657}.Debug|Any CPU.ActiveCfg = Debug|Any CPU
		{086E96EF-9312-49F6-9806-4B74D2043657}.Debug|Any CPU.Build.0 = Debug|Any CPU
		{086E96EF-9312-49F6-9806-4B74D2043657}.Release|Any CPU.ActiveCfg = Release|Any CPU
		{086E96EF-9312-49F6-9806-4B74D2043657}.Release|Any CPU.Build.0 = Release|Any CPU
		{1B152CD1-C5B3-436A-B804-B87F3A42EDCA}.Debug|Any CPU.ActiveCfg = Debug|Any CPU
		{1B152CD1-C5B3-436A-B804-B87F3A42EDCA}.Debug|Any CPU.Build.0 = Debug|Any CPU
		{1B152CD1-C5B3-436A-B804-B87F3A42EDCA}.Release|Any CPU.ActiveCfg = Release|Any CPU
		{1B152CD1-C5B3-436A-B804-B87F3A42EDCA}.Release|Any CPU.Build.0 = Release|Any CPU
		{A7E155FB-E71A-461C-AD38-1B48F5798AEF}.Debug|Any CPU.ActiveCfg = Debug|Any CPU
		{A7E155FB-E71A-461C-AD38-1B48F5798AEF}.Debug|Any CPU.Build.0 = Debug|Any CPU
		{A7E155FB-E71A-461C-AD38-1B48F5798AEF}.Release|Any CPU.ActiveCfg = Release|Any CPU
		{A7E155FB-E71A-461C-AD38-1B48F5798AEF}.Release|Any CPU.Build.0 = Release|Any CPU
	EndGlobalSection
	GlobalSection(SolutionProperties) = preSolution
		HideSolutionNode = FALSE
	EndGlobalSection
	GlobalSection(NestedProjects) = preSolution
		{AC4FC779-8751-4F77-95C9-7253F76CBF50} = {A7416FF1-31B0-42CF-B67A-188EB4F9DCEF}
		{43A0245D-219D-4D60-9293-43B2F0B4C073} = {A7416FF1-31B0-42CF-B67A-188EB4F9DCEF}
		{086E96EF-9312-49F6-9806-4B74D2043657} = {1F499101-93CF-4EA2-9DFF-182D1360C9A5}
		{1B152CD1-C5B3-436A-B804-B87F3A42EDCA} = {2A03DED4-4AB0-4430-849F-09D343FEC682}
		{A7E155FB-E71A-461C-AD38-1B48F5798AEF} = {2A03DED4-4AB0-4430-849F-09D343FEC682}
	EndGlobalSection
	GlobalSection(ExtensibilityGlobals) = postSolution
		SolutionGuid = {FEC2F396-C55C-4C03-9961-76D56C64C4E8}
	EndGlobalSection
EndGlobal
